// !$*UTF8*$!
{
	archiveVersion = 1;
	classes = {
	};
	objectVersion = 46;
	objects = {

/* Begin PBXBuildFile section */
		8524F6C51CCD2DDF00CF664B /* Localizable.strings in Resources */ = {isa = PBXBuildFile; fileRef = 8524F6C71CCD2DDF00CF664B /* Localizable.strings */; };
		8532E26F1CCF7F7300BB0EE9 /* AboutViewController.swift in Sources */ = {isa = PBXBuildFile; fileRef = 8532E26E1CCF7F7300BB0EE9 /* AboutViewController.swift */; };
		854249771CD4C67600B53F38 /* QuizTimeViewController.swift in Sources */ = {isa = PBXBuildFile; fileRef = 854249761CD4C67600B53F38 /* QuizTimeViewController.swift */; };
		854A19631CCBD67D004C5B9C /* Util.swift in Sources */ = {isa = PBXBuildFile; fileRef = 854A19621CCBD67D004C5B9C /* Util.swift */; };
		854A19661CCBDAE7004C5B9C /* Quiz.swift in Sources */ = {isa = PBXBuildFile; fileRef = 854A19651CCBDAE7004C5B9C /* Quiz.swift */; };
		854A19681CCBDC11004C5B9C /* QuizChoice.swift in Sources */ = {isa = PBXBuildFile; fileRef = 854A19671CCBDC11004C5B9C /* QuizChoice.swift */; };
		854A196A1CCBE77A004C5B9C /* extensions.swift in Sources */ = {isa = PBXBuildFile; fileRef = 854A19691CCBE77A004C5B9C /* extensions.swift */; };
		85790F141CCA8D9200C7022C /* AppDelegate.swift in Sources */ = {isa = PBXBuildFile; fileRef = 85790F131CCA8D9200C7022C /* AppDelegate.swift */; };
		85790F161CCA8D9200C7022C /* MainViewController.swift in Sources */ = {isa = PBXBuildFile; fileRef = 85790F151CCA8D9200C7022C /* MainViewController.swift */; };
		85790F191CCA8D9200C7022C /* Main.storyboard in Resources */ = {isa = PBXBuildFile; fileRef = 85790F171CCA8D9200C7022C /* Main.storyboard */; };
		85790F1B1CCA8D9200C7022C /* Assets.xcassets in Resources */ = {isa = PBXBuildFile; fileRef = 85790F1A1CCA8D9200C7022C /* Assets.xcassets */; };
		85790F1E1CCA8D9200C7022C /* LaunchScreen.storyboard in Resources */ = {isa = PBXBuildFile; fileRef = 85790F1C1CCA8D9200C7022C /* LaunchScreen.storyboard */; };
		85790F291CCA8D9200C7022C /* QuizGamesTests.swift in Sources */ = {isa = PBXBuildFile; fileRef = 85790F281CCA8D9200C7022C /* QuizGamesTests.swift */; };
		859A5BE31CCE4B3900C6AE8B /* ScoreViewController.swift in Sources */ = {isa = PBXBuildFile; fileRef = 859A5BE21CCE4B3900C6AE8B /* ScoreViewController.swift */; };
		85FAAD041CCB70360091EC9C /* QuizGamesSelectionViewController.swift in Sources */ = {isa = PBXBuildFile; fileRef = 85FAAD031CCB70360091EC9C /* QuizGamesSelectionViewController.swift */; };
		85FAAD361CCB96BF0091EC9C /* QuizPageViewController.swift in Sources */ = {isa = PBXBuildFile; fileRef = 85FAAD351CCB96BF0091EC9C /* QuizPageViewController.swift */; };
		85FAAD381CCB96DB0091EC9C /* QuizContentViewController.swift in Sources */ = {isa = PBXBuildFile; fileRef = 85FAAD371CCB96DB0091EC9C /* QuizContentViewController.swift */; };
		85FF93FC1CCFBCAF00BAB632 /* TopScoresViewController.swift in Sources */ = {isa = PBXBuildFile; fileRef = 85FF93FB1CCFBCAF00BAB632 /* TopScoresViewController.swift */; };
		85FF93FE1CCFC9E600BAB632 /* TopScoresChildViewController.swift in Sources */ = {isa = PBXBuildFile; fileRef = 85FF93FD1CCFC9E600BAB632 /* TopScoresChildViewController.swift */; };
		85FF94001CCFCCDC00BAB632 /* Result.swift in Sources */ = {isa = PBXBuildFile; fileRef = 85FF93FF1CCFCCDC00BAB632 /* Result.swift */; };
		85FF94021CCFCFE100BAB632 /* TopScoresTableViewCell.swift in Sources */ = {isa = PBXBuildFile; fileRef = 85FF94011CCFCFE100BAB632 /* TopScoresTableViewCell.swift */; };
		A4CBEFE482E34A5E5F7E25F1 /* Pods.framework in Frameworks */ = {isa = PBXBuildFile; fileRef = AA8D6C1C5F0DA4EA0D399276 /* Pods.framework */; };
/* End PBXBuildFile section */

/* Begin PBXContainerItemProxy section */
		85790F251CCA8D9200C7022C /* PBXContainerItemProxy */ = {
			isa = PBXContainerItemProxy;
			containerPortal = 85790F081CCA8D9100C7022C /* Project object */;
			proxyType = 1;
			remoteGlobalIDString = 85790F0F1CCA8D9100C7022C;
			remoteInfo = QuizGames;
		};
/* End PBXContainerItemProxy section */

/* Begin PBXFileReference section */
		5F003A15E1EEE1B3A806CFE4 /* Pods.release.xcconfig */ = {isa = PBXFileReference; includeInIndex = 1; lastKnownFileType = text.xcconfig; name = Pods.release.xcconfig; path = "Pods/Target Support Files/Pods/Pods.release.xcconfig"; sourceTree = "<group>"; };
		800B31AC317C137511F15757 /* Pods.debug.xcconfig */ = {isa = PBXFileReference; includeInIndex = 1; lastKnownFileType = text.xcconfig; name = Pods.debug.xcconfig; path = "Pods/Target Support Files/Pods/Pods.debug.xcconfig"; sourceTree = "<group>"; };
		8524F6C61CCD2DDF00CF664B /* en */ = {isa = PBXFileReference; lastKnownFileType = text.plist.strings; name = en; path = en.lproj/Localizable.strings; sourceTree = "<group>"; };
		8532E26E1CCF7F7300BB0EE9 /* AboutViewController.swift */ = {isa = PBXFileReference; fileEncoding = 4; lastKnownFileType = sourcecode.swift; path = AboutViewController.swift; sourceTree = "<group>"; };
		854249761CD4C67600B53F38 /* QuizTimeViewController.swift */ = {isa = PBXFileReference; fileEncoding = 4; lastKnownFileType = sourcecode.swift; path = QuizTimeViewController.swift; sourceTree = "<group>"; };
		854A19621CCBD67D004C5B9C /* Util.swift */ = {isa = PBXFileReference; fileEncoding = 4; lastKnownFileType = sourcecode.swift; path = Util.swift; sourceTree = "<group>"; };
		854A19651CCBDAE7004C5B9C /* Quiz.swift */ = {isa = PBXFileReference; fileEncoding = 4; lastKnownFileType = sourcecode.swift; path = Quiz.swift; sourceTree = "<group>"; };
		854A19671CCBDC11004C5B9C /* QuizChoice.swift */ = {isa = PBXFileReference; fileEncoding = 4; lastKnownFileType = sourcecode.swift; path = QuizChoice.swift; sourceTree = "<group>"; };
		854A19691CCBE77A004C5B9C /* extensions.swift */ = {isa = PBXFileReference; fileEncoding = 4; lastKnownFileType = sourcecode.swift; path = extensions.swift; sourceTree = "<group>"; };
		85790F101CCA8D9100C7022C /* QuizGames.app */ = {isa = PBXFileReference; explicitFileType = wrapper.application; includeInIndex = 0; path = QuizGames.app; sourceTree = BUILT_PRODUCTS_DIR; };
		85790F131CCA8D9200C7022C /* AppDelegate.swift */ = {isa = PBXFileReference; lastKnownFileType = sourcecode.swift; path = AppDelegate.swift; sourceTree = "<group>"; };
		85790F151CCA8D9200C7022C /* MainViewController.swift */ = {isa = PBXFileReference; lastKnownFileType = sourcecode.swift; path = MainViewController.swift; sourceTree = "<group>"; };
		85790F181CCA8D9200C7022C /* Base */ = {isa = PBXFileReference; lastKnownFileType = file.storyboard; name = Base; path = Base.lproj/Main.storyboard; sourceTree = "<group>"; };
		85790F1A1CCA8D9200C7022C /* Assets.xcassets */ = {isa = PBXFileReference; lastKnownFileType = folder.assetcatalog; path = Assets.xcassets; sourceTree = "<group>"; };
		85790F1D1CCA8D9200C7022C /* Base */ = {isa = PBXFileReference; lastKnownFileType = file.storyboard; name = Base; path = Base.lproj/LaunchScreen.storyboard; sourceTree = "<group>"; };
		85790F1F1CCA8D9200C7022C /* Info.plist */ = {isa = PBXFileReference; lastKnownFileType = text.plist.xml; path = Info.plist; sourceTree = "<group>"; };
		85790F241CCA8D9200C7022C /* QuizGamesTests.xctest */ = {isa = PBXFileReference; explicitFileType = wrapper.cfbundle; includeInIndex = 0; path = QuizGamesTests.xctest; sourceTree = BUILT_PRODUCTS_DIR; };
		85790F281CCA8D9200C7022C /* QuizGamesTests.swift */ = {isa = PBXFileReference; lastKnownFileType = sourcecode.swift; path = QuizGamesTests.swift; sourceTree = "<group>"; };
		85790F2A1CCA8D9200C7022C /* Info.plist */ = {isa = PBXFileReference; lastKnownFileType = text.plist.xml; path = Info.plist; sourceTree = "<group>"; };
		859A5BE21CCE4B3900C6AE8B /* ScoreViewController.swift */ = {isa = PBXFileReference; fileEncoding = 4; lastKnownFileType = sourcecode.swift; path = ScoreViewController.swift; sourceTree = "<group>"; };
		85FAAD031CCB70360091EC9C /* QuizGamesSelectionViewController.swift */ = {isa = PBXFileReference; fileEncoding = 4; lastKnownFileType = sourcecode.swift; path = QuizGamesSelectionViewController.swift; sourceTree = "<group>"; };
		85FAAD351CCB96BF0091EC9C /* QuizPageViewController.swift */ = {isa = PBXFileReference; fileEncoding = 4; lastKnownFileType = sourcecode.swift; path = QuizPageViewController.swift; sourceTree = "<group>"; };
		85FAAD371CCB96DB0091EC9C /* QuizContentViewController.swift */ = {isa = PBXFileReference; fileEncoding = 4; lastKnownFileType = sourcecode.swift; path = QuizContentViewController.swift; sourceTree = "<group>"; };
		85FF93FB1CCFBCAF00BAB632 /* TopScoresViewController.swift */ = {isa = PBXFileReference; fileEncoding = 4; lastKnownFileType = sourcecode.swift; path = TopScoresViewController.swift; sourceTree = "<group>"; };
		85FF93FD1CCFC9E600BAB632 /* TopScoresChildViewController.swift */ = {isa = PBXFileReference; fileEncoding = 4; lastKnownFileType = sourcecode.swift; path = TopScoresChildViewController.swift; sourceTree = "<group>"; };
		85FF93FF1CCFCCDC00BAB632 /* Result.swift */ = {isa = PBXFileReference; fileEncoding = 4; lastKnownFileType = sourcecode.swift; path = Result.swift; sourceTree = "<group>"; };
		85FF94011CCFCFE100BAB632 /* TopScoresTableViewCell.swift */ = {isa = PBXFileReference; fileEncoding = 4; lastKnownFileType = sourcecode.swift; path = TopScoresTableViewCell.swift; sourceTree = "<group>"; };
		AA8D6C1C5F0DA4EA0D399276 /* Pods.framework */ = {isa = PBXFileReference; explicitFileType = wrapper.framework; includeInIndex = 0; path = Pods.framework; sourceTree = BUILT_PRODUCTS_DIR; };
/* End PBXFileReference section */

/* Begin PBXFrameworksBuildPhase section */
		85790F0D1CCA8D9100C7022C /* Frameworks */ = {
			isa = PBXFrameworksBuildPhase;
			buildActionMask = 2147483647;
			files = (
				A4CBEFE482E34A5E5F7E25F1 /* Pods.framework in Frameworks */,
			);
			runOnlyForDeploymentPostprocessing = 0;
		};
		85790F211CCA8D9200C7022C /* Frameworks */ = {
			isa = PBXFrameworksBuildPhase;
			buildActionMask = 2147483647;
			files = (
			);
			runOnlyForDeploymentPostprocessing = 0;
		};
/* End PBXFrameworksBuildPhase section */

/* Begin PBXGroup section */
		795D87A10EDC96C7C72301F6 /* Pods */ = {
			isa = PBXGroup;
			children = (
				800B31AC317C137511F15757 /* Pods.debug.xcconfig */,
				5F003A15E1EEE1B3A806CFE4 /* Pods.release.xcconfig */,
			);
			name = Pods;
			sourceTree = "<group>";
		};
		854A19641CCBDAB6004C5B9C /* Model */ = {
			isa = PBXGroup;
			children = (
				854A19651CCBDAE7004C5B9C /* Quiz.swift */,
				854A19671CCBDC11004C5B9C /* QuizChoice.swift */,
				85FF93FF1CCFCCDC00BAB632 /* Result.swift */,
			);
			name = Model;
			sourceTree = "<group>";
		};
		85790F071CCA8D9100C7022C = {
			isa = PBXGroup;
			children = (
				CE5C7262C6DDA749CBBCC940 /* Frameworks */,
				795D87A10EDC96C7C72301F6 /* Pods */,
				85790F111CCA8D9100C7022C /* Products */,
				85790F121CCA8D9200C7022C /* QuizGames */,
				85790F271CCA8D9200C7022C /* QuizGamesTests */,
			);
			sourceTree = "<group>";
		};
		85790F111CCA8D9100C7022C /* Products */ = {
			isa = PBXGroup;
			children = (
				85790F101CCA8D9100C7022C /* QuizGames.app */,
				85790F241CCA8D9200C7022C /* QuizGamesTests.xctest */,
			);
			name = Products;
			sourceTree = "<group>";
		};
		85790F121CCA8D9200C7022C /* QuizGames */ = {
			isa = PBXGroup;
			children = (
				85790F131CCA8D9200C7022C /* AppDelegate.swift */,
				85790F1A1CCA8D9200C7022C /* Assets.xcassets */,
				859A5BE51CCE628200C6AE8B /* Controller */,
				854A19691CCBE77A004C5B9C /* extensions.swift */,
				85790F1F1CCA8D9200C7022C /* Info.plist */,
				8524F6C71CCD2DDF00CF664B /* Localizable.strings */,
				854A19641CCBDAB6004C5B9C /* Model */,
				854A19621CCBD67D004C5B9C /* Util.swift */,
				859A5BE41CCE627800C6AE8B /* View */,
			);
			path = QuizGames;
			sourceTree = "<group>";
		};
		85790F271CCA8D9200C7022C /* QuizGamesTests */ = {
			isa = PBXGroup;
			children = (
				85790F281CCA8D9200C7022C /* QuizGamesTests.swift */,
				85790F2A1CCA8D9200C7022C /* Info.plist */,
			);
			path = QuizGamesTests;
			sourceTree = "<group>";
		};
		859A5BE41CCE627800C6AE8B /* View */ = {
			isa = PBXGroup;
			children = (
				85790F171CCA8D9200C7022C /* Main.storyboard */,
				85790F1C1CCA8D9200C7022C /* LaunchScreen.storyboard */,
			);
			name = View;
			sourceTree = "<group>";
		};
		859A5BE51CCE628200C6AE8B /* Controller */ = {
			isa = PBXGroup;
			children = (
				8532E26E1CCF7F7300BB0EE9 /* AboutViewController.swift */,
				85790F151CCA8D9200C7022C /* MainViewController.swift */,
				85FAAD371CCB96DB0091EC9C /* QuizContentViewController.swift */,
				85FAAD031CCB70360091EC9C /* QuizGamesSelectionViewController.swift */,
				85FAAD351CCB96BF0091EC9C /* QuizPageViewController.swift */,
				854249761CD4C67600B53F38 /* QuizTimeViewController.swift */,
				859A5BE21CCE4B3900C6AE8B /* ScoreViewController.swift */,
				85FF93FD1CCFC9E600BAB632 /* TopScoresChildViewController.swift */,
				85FF94011CCFCFE100BAB632 /* TopScoresTableViewCell.swift */,
				85FF93FB1CCFBCAF00BAB632 /* TopScoresViewController.swift */,
			);
			name = Controller;
			sourceTree = "<group>";
		};
		CE5C7262C6DDA749CBBCC940 /* Frameworks */ = {
			isa = PBXGroup;
			children = (
				AA8D6C1C5F0DA4EA0D399276 /* Pods.framework */,
			);
			name = Frameworks;
			sourceTree = "<group>";
		};
/* End PBXGroup section */

/* Begin PBXNativeTarget section */
		85790F0F1CCA8D9100C7022C /* QuizGames */ = {
			isa = PBXNativeTarget;
			buildConfigurationList = 85790F2D1CCA8D9200C7022C /* Build configuration list for PBXNativeTarget "QuizGames" */;
			buildPhases = (
				C4BC7D7C82C8AC30E3F3C3FF /* Check Pods Manifest.lock */,
				85790F0C1CCA8D9100C7022C /* Sources */,
				85790F0D1CCA8D9100C7022C /* Frameworks */,
				85790F0E1CCA8D9100C7022C /* Resources */,
				71A712B23E90C5E3E9D0E658 /* Embed Pods Frameworks */,
				BAD4BC4722C1A2A145622F35 /* Copy Pods Resources */,
			);
			buildRules = (
			);
			dependencies = (
			);
			name = QuizGames;
			productName = QuizGames;
			productReference = 85790F101CCA8D9100C7022C /* QuizGames.app */;
			productType = "com.apple.product-type.application";
		};
		85790F231CCA8D9200C7022C /* QuizGamesTests */ = {
			isa = PBXNativeTarget;
			buildConfigurationList = 85790F301CCA8D9200C7022C /* Build configuration list for PBXNativeTarget "QuizGamesTests" */;
			buildPhases = (
				85790F201CCA8D9200C7022C /* Sources */,
				85790F211CCA8D9200C7022C /* Frameworks */,
				85790F221CCA8D9200C7022C /* Resources */,
			);
			buildRules = (
			);
			dependencies = (
				85790F261CCA8D9200C7022C /* PBXTargetDependency */,
			);
			name = QuizGamesTests;
			productName = QuizGamesTests;
			productReference = 85790F241CCA8D9200C7022C /* QuizGamesTests.xctest */;
			productType = "com.apple.product-type.bundle.unit-test";
		};
/* End PBXNativeTarget section */

/* Begin PBXProject section */
		85790F081CCA8D9100C7022C /* Project object */ = {
			isa = PBXProject;
			attributes = {
				LastSwiftUpdateCheck = 0730;
				LastUpgradeCheck = 0730;
				ORGANIZATIONNAME = Sourcestream;
				TargetAttributes = {
					85790F0F1CCA8D9100C7022C = {
						CreatedOnToolsVersion = 7.3;
						DevelopmentTeam = FF4Z28L2UT;
					};
					85790F231CCA8D9200C7022C = {
						CreatedOnToolsVersion = 7.3;
						TestTargetID = 85790F0F1CCA8D9100C7022C;
					};
				};
			};
			buildConfigurationList = 85790F0B1CCA8D9100C7022C /* Build configuration list for PBXProject "QuizGames" */;
			compatibilityVersion = "Xcode 3.2";
			developmentRegion = English;
			hasScannedForEncodings = 0;
			knownRegions = (
				en,
				Base,
			);
			mainGroup = 85790F071CCA8D9100C7022C;
			productRefGroup = 85790F111CCA8D9100C7022C /* Products */;
			projectDirPath = "";
			projectRoot = "";
			targets = (
				85790F0F1CCA8D9100C7022C /* QuizGames */,
				85790F231CCA8D9200C7022C /* QuizGamesTests */,
			);
		};
/* End PBXProject section */

/* Begin PBXResourcesBuildPhase section */
		85790F0E1CCA8D9100C7022C /* Resources */ = {
			isa = PBXResourcesBuildPhase;
			buildActionMask = 2147483647;
			files = (
				85790F1E1CCA8D9200C7022C /* LaunchScreen.storyboard in Resources */,
				8524F6C51CCD2DDF00CF664B /* Localizable.strings in Resources */,
				85790F1B1CCA8D9200C7022C /* Assets.xcassets in Resources */,
				85790F191CCA8D9200C7022C /* Main.storyboard in Resources */,
			);
			runOnlyForDeploymentPostprocessing = 0;
		};
		85790F221CCA8D9200C7022C /* Resources */ = {
			isa = PBXResourcesBuildPhase;
			buildActionMask = 2147483647;
			files = (
			);
			runOnlyForDeploymentPostprocessing = 0;
		};
/* End PBXResourcesBuildPhase section */

/* Begin PBXShellScriptBuildPhase section */
		71A712B23E90C5E3E9D0E658 /* Embed Pods Frameworks */ = {
			isa = PBXShellScriptBuildPhase;
			buildActionMask = 2147483647;
			files = (
			);
			inputPaths = (
			);
			name = "Embed Pods Frameworks";
			outputPaths = (
			);
			runOnlyForDeploymentPostprocessing = 0;
			shellPath = /bin/sh;
			shellScript = "\"${SRCROOT}/Pods/Target Support Files/Pods/Pods-frameworks.sh\"\n";
			showEnvVarsInLog = 0;
		};
		BAD4BC4722C1A2A145622F35 /* Copy Pods Resources */ = {
			isa = PBXShellScriptBuildPhase;
			buildActionMask = 2147483647;
			files = (
			);
			inputPaths = (
			);
			name = "Copy Pods Resources";
			outputPaths = (
			);
			runOnlyForDeploymentPostprocessing = 0;
			shellPath = /bin/sh;
			shellScript = "\"${SRCROOT}/Pods/Target Support Files/Pods/Pods-resources.sh\"\n";
			showEnvVarsInLog = 0;
		};
		C4BC7D7C82C8AC30E3F3C3FF /* Check Pods Manifest.lock */ = {
			isa = PBXShellScriptBuildPhase;
			buildActionMask = 2147483647;
			files = (
			);
			inputPaths = (
			);
			name = "Check Pods Manifest.lock";
			outputPaths = (
			);
			runOnlyForDeploymentPostprocessing = 0;
			shellPath = /bin/sh;
			shellScript = "diff \"${PODS_ROOT}/../Podfile.lock\" \"${PODS_ROOT}/Manifest.lock\" > /dev/null\nif [[ $? != 0 ]] ; then\n    cat << EOM\nerror: The sandbox is not in sync with the Podfile.lock. Run 'pod install' or update your CocoaPods installation.\nEOM\n    exit 1\nfi\n";
			showEnvVarsInLog = 0;
		};
/* End PBXShellScriptBuildPhase section */

/* Begin PBXSourcesBuildPhase section */
		85790F0C1CCA8D9100C7022C /* Sources */ = {
			isa = PBXSourcesBuildPhase;
			buildActionMask = 2147483647;
			files = (
				85FAAD041CCB70360091EC9C /* QuizGamesSelectionViewController.swift in Sources */,
				85FF93FC1CCFBCAF00BAB632 /* TopScoresViewController.swift in Sources */,
				854A19631CCBD67D004C5B9C /* Util.swift in Sources */,
				85FF94021CCFCFE100BAB632 /* TopScoresTableViewCell.swift in Sources */,
				8532E26F1CCF7F7300BB0EE9 /* AboutViewController.swift in Sources */,
				85FF94001CCFCCDC00BAB632 /* Result.swift in Sources */,
				854A19661CCBDAE7004C5B9C /* Quiz.swift in Sources */,
				85FF93FE1CCFC9E600BAB632 /* TopScoresChildViewController.swift in Sources */,
				85790F161CCA8D9200C7022C /* MainViewController.swift in Sources */,
				85790F141CCA8D9200C7022C /* AppDelegate.swift in Sources */,
				854A196A1CCBE77A004C5B9C /* extensions.swift in Sources */,
				85FAAD381CCB96DB0091EC9C /* QuizContentViewController.swift in Sources */,
				859A5BE31CCE4B3900C6AE8B /* ScoreViewController.swift in Sources */,
				85FAAD361CCB96BF0091EC9C /* QuizPageViewController.swift in Sources */,
				854249771CD4C67600B53F38 /* QuizTimeViewController.swift in Sources */,
				854A19681CCBDC11004C5B9C /* QuizChoice.swift in Sources */,
			);
			runOnlyForDeploymentPostprocessing = 0;
		};
		85790F201CCA8D9200C7022C /* Sources */ = {
			isa = PBXSourcesBuildPhase;
			buildActionMask = 2147483647;
			files = (
				85790F291CCA8D9200C7022C /* QuizGamesTests.swift in Sources */,
			);
			runOnlyForDeploymentPostprocessing = 0;
		};
/* End PBXSourcesBuildPhase section */

/* Begin PBXTargetDependency section */
		85790F261CCA8D9200C7022C /* PBXTargetDependency */ = {
			isa = PBXTargetDependency;
			target = 85790F0F1CCA8D9100C7022C /* QuizGames */;
			targetProxy = 85790F251CCA8D9200C7022C /* PBXContainerItemProxy */;
		};
/* End PBXTargetDependency section */

/* Begin PBXVariantGroup section */
		8524F6C71CCD2DDF00CF664B /* Localizable.strings */ = {
			isa = PBXVariantGroup;
			children = (
				8524F6C61CCD2DDF00CF664B /* en */,
			);
			name = Localizable.strings;
			sourceTree = "<group>";
		};
		85790F171CCA8D9200C7022C /* Main.storyboard */ = {
			isa = PBXVariantGroup;
			children = (
				85790F181CCA8D9200C7022C /* Base */,
			);
			name = Main.storyboard;
			sourceTree = "<group>";
		};
		85790F1C1CCA8D9200C7022C /* LaunchScreen.storyboard */ = {
			isa = PBXVariantGroup;
			children = (
				85790F1D1CCA8D9200C7022C /* Base */,
			);
			name = LaunchScreen.storyboard;
			sourceTree = "<group>";
		};
/* End PBXVariantGroup section */

/* Begin XCBuildConfiguration section */
		85790F2B1CCA8D9200C7022C /* Debug */ = {
			isa = XCBuildConfiguration;
			buildSettings = {
				ALWAYS_SEARCH_USER_PATHS = NO;
				CLANG_ANALYZER_NONNULL = YES;
				CLANG_CXX_LANGUAGE_STANDARD = "gnu++0x";
				CLANG_CXX_LIBRARY = "libc++";
				CLANG_ENABLE_MODULES = YES;
				CLANG_ENABLE_OBJC_ARC = YES;
				CLANG_WARN_BOOL_CONVERSION = YES;
				CLANG_WARN_CONSTANT_CONVERSION = YES;
				CLANG_WARN_DIRECT_OBJC_ISA_USAGE = YES_ERROR;
				CLANG_WARN_EMPTY_BODY = YES;
				CLANG_WARN_ENUM_CONVERSION = YES;
				CLANG_WARN_INT_CONVERSION = YES;
				CLANG_WARN_OBJC_ROOT_CLASS = YES_ERROR;
				CLANG_WARN_UNREACHABLE_CODE = YES;
				CLANG_WARN__DUPLICATE_METHOD_MATCH = YES;
				"CODE_SIGN_IDENTITY[sdk=iphoneos*]" = "iPhone Developer";
				COPY_PHASE_STRIP = NO;
				DEBUG_INFORMATION_FORMAT = dwarf;
				ENABLE_STRICT_OBJC_MSGSEND = YES;
				ENABLE_TESTABILITY = YES;
				GCC_C_LANGUAGE_STANDARD = gnu99;
				GCC_DYNAMIC_NO_PIC = NO;
				GCC_NO_COMMON_BLOCKS = YES;
				GCC_OPTIMIZATION_LEVEL = 0;
				GCC_PREPROCESSOR_DEFINITIONS = (
					"DEBUG=1",
					"$(inherited)",
				);
				GCC_WARN_64_TO_32_BIT_CONVERSION = YES;
				GCC_WARN_ABOUT_RETURN_TYPE = YES_ERROR;
				GCC_WARN_UNDECLARED_SELECTOR = YES;
				GCC_WARN_UNINITIALIZED_AUTOS = YES_AGGRESSIVE;
				GCC_WARN_UNUSED_FUNCTION = YES;
				GCC_WARN_UNUSED_VARIABLE = YES;
				IPHONEOS_DEPLOYMENT_TARGET = 9.3;
				MTL_ENABLE_DEBUG_INFO = YES;
				ONLY_ACTIVE_ARCH = YES;
				SDKROOT = iphoneos;
				SWIFT_OPTIMIZATION_LEVEL = "-Onone";
				TARGETED_DEVICE_FAMILY = "1,2";
			};
			name = Debug;
		};
		85790F2C1CCA8D9200C7022C /* Release */ = {
			isa = XCBuildConfiguration;
			buildSettings = {
				ALWAYS_SEARCH_USER_PATHS = NO;
				CLANG_ANALYZER_NONNULL = YES;
				CLANG_CXX_LANGUAGE_STANDARD = "gnu++0x";
				CLANG_CXX_LIBRARY = "libc++";
				CLANG_ENABLE_MODULES = YES;
				CLANG_ENABLE_OBJC_ARC = YES;
				CLANG_WARN_BOOL_CONVERSION = YES;
				CLANG_WARN_CONSTANT_CONVERSION = YES;
				CLANG_WARN_DIRECT_OBJC_ISA_USAGE = YES_ERROR;
				CLANG_WARN_EMPTY_BODY = YES;
				CLANG_WARN_ENUM_CONVERSION = YES;
				CLANG_WARN_INT_CONVERSION = YES;
				CLANG_WARN_OBJC_ROOT_CLASS = YES_ERROR;
				CLANG_WARN_UNREACHABLE_CODE = YES;
				CLANG_WARN__DUPLICATE_METHOD_MATCH = YES;
				"CODE_SIGN_IDENTITY[sdk=iphoneos*]" = "iPhone Developer";
				COPY_PHASE_STRIP = NO;
				DEBUG_INFORMATION_FORMAT = "dwarf-with-dsym";
				ENABLE_NS_ASSERTIONS = NO;
				ENABLE_STRICT_OBJC_MSGSEND = YES;
				GCC_C_LANGUAGE_STANDARD = gnu99;
				GCC_NO_COMMON_BLOCKS = YES;
				GCC_WARN_64_TO_32_BIT_CONVERSION = YES;
				GCC_WARN_ABOUT_RETURN_TYPE = YES_ERROR;
				GCC_WARN_UNDECLARED_SELECTOR = YES;
				GCC_WARN_UNINITIALIZED_AUTOS = YES_AGGRESSIVE;
				GCC_WARN_UNUSED_FUNCTION = YES;
				GCC_WARN_UNUSED_VARIABLE = YES;
				IPHONEOS_DEPLOYMENT_TARGET = 9.3;
				MTL_ENABLE_DEBUG_INFO = NO;
				SDKROOT = iphoneos;
				TARGETED_DEVICE_FAMILY = "1,2";
				VALIDATE_PRODUCT = YES;
			};
			name = Release;
		};
		85790F2E1CCA8D9200C7022C /* Debug */ = {
			isa = XCBuildConfiguration;
			baseConfigurationReference = 800B31AC317C137511F15757 /* Pods.debug.xcconfig */;
			buildSettings = {
				ASSETCATALOG_COMPILER_APPICON_NAME = AppIcon;
				CODE_SIGN_IDENTITY = "iPhone Developer";
				"CODE_SIGN_IDENTITY[sdk=iphoneos*]" = "iPhone Developer";
				INFOPLIST_FILE = QuizGames/Info.plist;
				LD_RUNPATH_SEARCH_PATHS = "$(inherited) @executable_path/Frameworks";
				PRODUCT_BUNDLE_IDENTIFIER = de.sourcestream.QuizGames;
				PRODUCT_NAME = "$(TARGET_NAME)";
				PROVISIONING_PROFILE = "";
			};
			name = Debug;
		};
		85790F2F1CCA8D9200C7022C /* Release */ = {
			isa = XCBuildConfiguration;
			baseConfigurationReference = 5F003A15E1EEE1B3A806CFE4 /* Pods.release.xcconfig */;
			buildSettings = {
				ASSETCATALOG_COMPILER_APPICON_NAME = AppIcon;
				CODE_SIGN_IDENTITY = "iPhone Developer";
				"CODE_SIGN_IDENTITY[sdk=iphoneos*]" = "iPhone Developer";
				INFOPLIST_FILE = QuizGames/Info.plist;
				LD_RUNPATH_SEARCH_PATHS = "$(inherited) @executable_path/Frameworks";
				PRODUCT_BUNDLE_IDENTIFIER = de.sourcestream.QuizGames;
				PRODUCT_NAME = "$(TARGET_NAME)";
				PROVISIONING_PROFILE = "";
			};
			name = Release;
		};
		85790F311CCA8D9200C7022C /* Debug */ = {
			isa = XCBuildConfiguration;
			buildSettings = {
				BUNDLE_LOADER = "$(TEST_HOST)";
				INFOPLIST_FILE = QuizGamesTests/Info.plist;
				LD_RUNPATH_SEARCH_PATHS = "$(inherited) @executable_path/Frameworks @loader_path/Frameworks";
				PRODUCT_BUNDLE_IDENTIFIER = de.sourcestream.QuizGamesTests;
				PRODUCT_NAME = "$(TARGET_NAME)";
				TEST_HOST = "$(BUILT_PRODUCTS_DIR)/QuizGames.app/QuizGames";
			};
			name = Debug;
		};
		85790F321CCA8D9200C7022C /* Release */ = {
			isa = XCBuildConfiguration;
			buildSettings = {
				BUNDLE_LOADER = "$(TEST_HOST)";
				INFOPLIST_FILE = QuizGamesTests/Info.plist;
				LD_RUNPATH_SEARCH_PATHS = "$(inherited) @executable_path/Frameworks @loader_path/Frameworks";
				PRODUCT_BUNDLE_IDENTIFIER = de.sourcestream.QuizGamesTests;
				PRODUCT_NAME = "$(TARGET_NAME)";
				TEST_HOST = "$(BUILT_PRODUCTS_DIR)/QuizGames.app/QuizGames";
			};
			name = Release;
		};
/* End XCBuildConfiguration section */

/* Begin XCConfigurationList section */
		85790F0B1CCA8D9100C7022C /* Build configuration list for PBXProject "QuizGames" */ = {
			isa = XCConfigurationList;
			buildConfigurations = (
				85790F2B1CCA8D9200C7022C /* Debug */,
				85790F2C1CCA8D9200C7022C /* Release */,
			);
			defaultConfigurationIsVisible = 0;
			defaultConfigurationName = Release;
		};
		85790F2D1CCA8D9200C7022C /* Build configuration list for PBXNativeTarget "QuizGames" */ = {
			isa = XCConfigurationList;
			buildConfigurations = (
				85790F2E1CCA8D9200C7022C /* Debug */,
				85790F2F1CCA8D9200C7022C /* Release */,
			);
			defaultConfigurationIsVisible = 0;
			defaultConfigurationName = Release;
		};
		85790F301CCA8D9200C7022C /* Build configuration list for PBXNativeTarget "QuizGamesTests" */ = {
			isa = XCConfigurationList;
			buildConfigurations = (
				85790F311CCA8D9200C7022C /* Debug */,
				85790F321CCA8D9200C7022C /* Release */,
			);
			defaultConfigurationIsVisible = 0;
			defaultConfigurationName = Release;
		};
/* End XCConfigurationList section */
	};
	rootObject = 85790F081CCA8D9100C7022C /* Project object */;
}
